{
  "name": "animalsproject",
  "version": "1.0.0",
  "lockfileVersion": 1,
  "requires": true,
  "dependencies": {
    "animals": {
      "version": "0.0.3",
      "resolved": "https://registry.npmjs.org/animals/-/animals-0.0.3.tgz",
      "integrity": "sha1-9ZmCcFrge4A61yMMN9Hnst6Zr40=",
      "requires": {
        "minimist": "^0.2.0",
        "unique-random": "^0.1.1"
      }
    },
    "log.pets": {
      "version": "0.0.26",
      "resolved": "https://registry.npmjs.org/log.pets/-/log.pets-0.0.26.tgz",
      "integrity": "sha1-7ejnYH4IfwI6oXXGQMV7RvF5X4I="
    },
    "minimist": {
      "version": "0.2.1",
      "resolved": "https://registry.npmjs.org/minimist/-/minimist-0.2.1.tgz",
      "integrity": "sha512-GY8fANSrTMfBVfInqJAY41QkOM+upUTytK1jZ0c8+3HdHrJxBJ3rF5i9moClXTE8uUSnUo8cAsCoxDXvSY4DHg=="
    },
    "unique-random": {
      "version": "0.1.1",
      "resolved": "https://registry.npmjs.org/unique-random/-/unique-random-0.1.1.tgz",
      "integrity": "sha1-xMyqvtqrhTTg9U2vXxB0PuXGkq0="
    }
  }
}
